// !$*UTF8*$!
{
	archiveVersion = 1;
	classes = {
	};
	objectVersion = 50;
	objects = {

/* Begin PBXBuildFile section */
		BB702C1A2403E1890022BFCE /* main.swift in Sources */ = {isa = PBXBuildFile; fileRef = BB702C192403E1890022BFCE /* main.swift */; };
		BB702C212403E1B00022BFCE /* SortedArray.swift in Sources */ = {isa = PBXBuildFile; fileRef = BB702C202403E1B00022BFCE /* SortedArray.swift */; };
		BB702C2F2403E2D80022BFCE /* SortedArrayTests.swift in Sources */ = {isa = PBXBuildFile; fileRef = BB702C2E2403E2D80022BFCE /* SortedArrayTests.swift */; };
		BB702C302403E31C0022BFCE /* SortedArray.swift in Sources */ = {isa = PBXBuildFile; fileRef = BB702C202403E1B00022BFCE /* SortedArray.swift */; };
/* End PBXBuildFile section */

/* Begin PBXCopyFilesBuildPhase section */
		BB702C142403E1890022BFCE /* CopyFiles */ = {
			isa = PBXCopyFilesBuildPhase;
			buildActionMask = 2147483647;
			dstPath = /usr/share/man/man1/;
			dstSubfolderSpec = 0;
			files = (
			);
			runOnlyForDeploymentPostprocessing = 1;
		};
/* End PBXCopyFilesBuildPhase section */

/* Begin PBXFileReference section */
		BB702C162403E1890022BFCE /* SwiftCollection */ = {isa = PBXFileReference; explicitFileType = "compiled.mach-o.executable"; includeInIndex = 0; path = SwiftCollection; sourceTree = BUILT_PRODUCTS_DIR; };
		BB702C192403E1890022BFCE /* main.swift */ = {isa = PBXFileReference; lastKnownFileType = sourcecode.swift; path = main.swift; sourceTree = "<group>"; };
		BB702C202403E1B00022BFCE /* SortedArray.swift */ = {isa = PBXFileReference; lastKnownFileType = sourcecode.swift; path = SortedArray.swift; sourceTree = "<group>"; };
		BB702C262403E2BF0022BFCE /* SwiftCollectionTests.xctest */ = {isa = PBXFileReference; explicitFileType = wrapper.cfbundle; includeInIndex = 0; path = SwiftCollectionTests.xctest; sourceTree = BUILT_PRODUCTS_DIR; };
		BB702C2A2403E2BF0022BFCE /* Info.plist */ = {isa = PBXFileReference; lastKnownFileType = text.plist.xml; path = Info.plist; sourceTree = "<group>"; };
		BB702C2E2403E2D80022BFCE /* SortedArrayTests.swift */ = {isa = PBXFileReference; lastKnownFileType = sourcecode.swift; path = SortedArrayTests.swift; sourceTree = "<group>"; };
/* End PBXFileReference section */

/* Begin PBXFrameworksBuildPhase section */
		BB702C132403E1890022BFCE /* Frameworks */ = {
			isa = PBXFrameworksBuildPhase;
			buildActionMask = 2147483647;
			files = (
			);
			runOnlyForDeploymentPostprocessing = 0;
		};
		BB702C232403E2BF0022BFCE /* Frameworks */ = {
			isa = PBXFrameworksBuildPhase;
			buildActionMask = 2147483647;
			files = (
			);
			runOnlyForDeploymentPostprocessing = 0;
		};
/* End PBXFrameworksBuildPhase section */

/* Begin PBXGroup section */
		BB702C0D2403E1890022BFCE = {
			isa = PBXGroup;
			children = (
				BB702C182403E1890022BFCE /* SwiftCollection */,
				BB702C272403E2BF0022BFCE /* SwiftCollectionTests */,
				BB702C172403E1890022BFCE /* Products */,
			);
			sourceTree = "<group>";
		};
		BB702C172403E1890022BFCE /* Products */ = {
			isa = PBXGroup;
			children = (
				BB702C162403E1890022BFCE /* SwiftCollection */,
				BB702C262403E2BF0022BFCE /* SwiftCollectionTests.xctest */,
			);
			name = Products;
			sourceTree = "<group>";
		};
		BB702C182403E1890022BFCE /* SwiftCollection */ = {
			isa = PBXGroup;
			children = (
				BB702C192403E1890022BFCE /* main.swift */,
				BB702C202403E1B00022BFCE /* SortedArray.swift */,
			);
			path = SwiftCollection;
			sourceTree = "<group>";
		};
		BB702C272403E2BF0022BFCE /* SwiftCollectionTests */ = {
			isa = PBXGroup;
			children = (
				BB702C2A2403E2BF0022BFCE /* Info.plist */,
				BB702C2E2403E2D80022BFCE /* SortedArrayTests.swift */,
			);
			path = SwiftCollectionTests;
			sourceTree = "<group>";
		};
/* End PBXGroup section */

/* Begin PBXNativeTarget section */
		BB702C152403E1890022BFCE /* SwiftCollection */ = {
			isa = PBXNativeTarget;
			buildConfigurationList = BB702C1D2403E1890022BFCE /* Build configuration list for PBXNativeTarget "SwiftCollection" */;
			buildPhases = (
				BB702C122403E1890022BFCE /* Sources */,
				BB702C132403E1890022BFCE /* Frameworks */,
				BB702C142403E1890022BFCE /* CopyFiles */,
			);
			buildRules = (
			);
			dependencies = (
			);
			name = SwiftCollection;
			productName = SwiftCollection;
			productReference = BB702C162403E1890022BFCE /* SwiftCollection */;
			productType = "com.apple.product-type.tool";
		};
		BB702C252403E2BF0022BFCE /* SwiftCollectionTests */ = {
			isa = PBXNativeTarget;
			buildConfigurationList = BB702C2B2403E2BF0022BFCE /* Build configuration list for PBXNativeTarget "SwiftCollectionTests" */;
			buildPhases = (
				BB702C222403E2BF0022BFCE /* Sources */,
				BB702C232403E2BF0022BFCE /* Frameworks */,
				BB702C242403E2BF0022BFCE /* Resources */,
			);
			buildRules = (
			);
			dependencies = (
			);
			name = SwiftCollectionTests;
			productName = SwiftCollectionTests;
			productReference = BB702C262403E2BF0022BFCE /* SwiftCollectionTests.xctest */;
			productType = "com.apple.product-type.bundle.unit-test";
		};
/* End PBXNativeTarget section */

/* Begin PBXProject section */
		BB702C0E2403E1890022BFCE /* Project object */ = {
			isa = PBXProject;
			attributes = {
				LastSwiftUpdateCheck = 1130;
				LastUpgradeCheck = 1130;
				ORGANIZATIONNAME = symbolicTrace;
				TargetAttributes = {
					BB702C152403E1890022BFCE = {
						CreatedOnToolsVersion = 11.3.1;
					};
					BB702C252403E2BF0022BFCE = {
						CreatedOnToolsVersion = 11.3.1;
					};
				};
			};
			buildConfigurationList = BB702C112403E1890022BFCE /* Build configuration list for PBXProject "SwiftCollection" */;
			compatibilityVersion = "Xcode 9.3";
			developmentRegion = en;
			hasScannedForEncodings = 0;
			knownRegions = (
				en,
				Base,
			);
			mainGroup = BB702C0D2403E1890022BFCE;
			productRefGroup = BB702C172403E1890022BFCE /* Products */;
			projectDirPath = "";
			projectRoot = "";
			targets = (
				BB702C152403E1890022BFCE /* SwiftCollection */,
				BB702C252403E2BF0022BFCE /* SwiftCollectionTests */,
			);
		};
/* End PBXProject section */

/* Begin PBXResourcesBuildPhase section */
		BB702C242403E2BF0022BFCE /* Resources */ = {
			isa = PBXResourcesBuildPhase;
			buildActionMask = 2147483647;
			files = (
			);
			runOnlyForDeploymentPostprocessing = 0;
		};
/* End PBXResourcesBuildPhase section */

/* Begin PBXSourcesBuildPhase section */
		BB702C122403E1890022BFCE /* Sources */ = {
			isa = PBXSourcesBuildPhase;
			buildActionMask = 2147483647;
			files = (
				BB702C212403E1B00022BFCE /* SortedArray.swift in Sources */,
				BB702C1A2403E1890022BFCE /* main.swift in Sources */,
			);
			runOnlyForDeploymentPostprocessing = 0;
		};
		BB702C222403E2BF0022BFCE /* Sources */ = {
			isa = PBXSourcesBuildPhase;
			buildActionMask = 2147483647;
			files = (
				BB702C2F2403E2D80022BFCE /* SortedArrayTests.swift in Sources */,
				BB702C302403E31C0022BFCE /* SortedArray.swift in Sources */,
			);
			runOnlyForDeploymentPostprocessing = 0;
		};
/* End PBXSourcesBuildPhase section */

/* Begin XCBuildConfiguration section */
		BB702C1B2403E1890022BFCE /* Debug */ = {
			isa = XCBuildConfiguration;
			buildSettings = {
				ALWAYS_SEARCH_USER_PATHS = NO;
				CLANG_ANALYZER_NONNULL = YES;
				CLANG_ANALYZER_NUMBER_OBJECT_CONVERSION = YES_AGGRESSIVE;
				CLANG_CXX_LANGUAGE_STANDARD = "gnu++14";
				CLANG_CXX_LIBRARY = "libc++";
				CLANG_ENABLE_MODULES = YES;
				CLANG_ENABLE_OBJC_ARC = YES;
				CLANG_ENABLE_OBJC_WEAK = YES;
				CLANG_WARN_BLOCK_CAPTURE_AUTORELEASING = YES;
				CLANG_WARN_BOOL_CONVERSION = YES;
				CLANG_WARN_COMMA = YES;
				CLANG_WARN_CONSTANT_CONVERSION = YES;
				CLANG_WARN_DEPRECATED_OBJC_IMPLEMENTATIONS = YES;
				CLANG_WARN_DIRECT_OBJC_ISA_USAGE = YES_ERROR;
				CLANG_WARN_DOCUMENTATION_COMMENTS = YES;
				CLANG_WARN_EMPTY_BODY = YES;
				CLANG_WARN_ENUM_CONVERSION = YES;
				CLANG_WARN_INFINITE_RECURSION = YES;
				CLANG_WARN_INT_CONVERSION = YES;
				CLANG_WARN_NON_LITERAL_NULL_CONVERSION = YES;
				CLANG_WARN_OBJC_IMPLICIT_RETAIN_SELF = YES;
				CLANG_WARN_OBJC_LITERAL_CONVERSION = YES;
				CLANG_WARN_OBJC_ROOT_CLASS = YES_ERROR;
				CLANG_WARN_RANGE_LOOP_ANALYSIS = YES;
				CLANG_WARN_STRICT_PROTOTYPES = YES;
				CLANG_WARN_SUSPICIOUS_MOVE = YES;
				CLANG_WARN_UNGUARDED_AVAILABILITY = YES_AGGRESSIVE;
				CLANG_WARN_UNREACHABLE_CODE = YES;
				CLANG_WARN__DUPLICATE_METHOD_MATCH = YES;
				COPY_PHASE_STRIP = NO;
				DEBUG_INFORMATION_FORMAT = dwarf;
				ENABLE_STRICT_OBJC_MSGSEND = YES;
				ENABLE_TESTABILITY = YES;
				GCC_C_LANGUAGE_STANDARD = gnu11;
				GCC_DYNAMIC_NO_PIC = NO;
				GCC_NO_COMMON_BLOCKS = YES;
				GCC_OPTIMIZATION_LEVEL = 0;
				GCC_PREPROCESSOR_DEFINITIONS = (
					"DEBUG=1",
					"$(inherited)",
				);
				GCC_WARN_64_TO_32_BIT_CONVERSION = YES;
				GCC_WARN_ABOUT_RETURN_TYPE = YES_ERROR;
				GCC_WARN_UNDECLARED_SELECTOR = YES;
				GCC_WARN_UNINITIALIZED_AUTOS = YES_AGGRESSIVE;
				GCC_WARN_UNUSED_FUNCTION = YES;
				GCC_WARN_UNUSED_VARIABLE = YES;
				MACOSX_DEPLOYMENT_TARGET = 10.15;
				MTL_ENABLE_DEBUG_INFO = INCLUDE_SOURCE;
				MTL_FAST_MATH = YES;
				ONLY_ACTIVE_ARCH = YES;
				SDKROOT = macosx;
				SWIFT_ACTIVE_COMPILATION_CONDITIONS = DEBUG;
				SWIFT_OPTIMIZATION_LEVEL = "-Onone";
			};
			name = Debug;
		};
		BB702C1C2403E1890022BFCE /* Release */ = {
			isa = XCBuildConfiguration;
			buildSettings = {
				ALWAYS_SEARCH_USER_PATHS = NO;
				CLANG_ANALYZER_NONNULL = YES;
				CLANG_ANALYZER_NUMBER_OBJECT_CONVERSION = YES_AGGRESSIVE;
				CLANG_CXX_LANGUAGE_STANDARD = "gnu++14";
				CLANG_CXX_LIBRARY = "libc++";
				CLANG_ENABLE_MODULES = YES;
				CLANG_ENABLE_OBJC_ARC = YES;
				CLANG_ENABLE_OBJC_WEAK = YES;
				CLANG_WARN_BLOCK_CAPTURE_AUTORELEASING = YES;
				CLANG_WARN_BOOL_CONVERSION = YES;
				CLANG_WARN_COMMA = YES;
				CLANG_WARN_CONSTANT_CONVERSION = YES;
				CLANG_WARN_DEPRECATED_OBJC_IMPLEMENTATIONS = YES;
				CLANG_WARN_DIRECT_OBJC_ISA_USAGE = YES_ERROR;
				CLANG_WARN_DOCUMENTATION_COMMENTS = YES;
				CLANG_WARN_EMPTY_BODY = YES;
				CLANG_WARN_ENUM_CONVERSION = YES;
				CLANG_WARN_INFINITE_RECURSION = YES;
				CLANG_WARN_INT_CONVERSION = YES;
				CLANG_WARN_NON_LITERAL_NULL_CONVERSION = YES;
				CLANG_WARN_OBJC_IMPLICIT_RETAIN_SELF = YES;
				CLANG_WARN_OBJC_LITERAL_CONVERSION = YES;
				CLANG_WARN_OBJC_ROOT_CLASS = YES_ERROR;
				CLANG_WARN_RANGE_LOOP_ANALYSIS = YES;
				CLANG_WARN_STRICT_PROTOTYPES = YES;
				CLANG_WARN_SUSPICIOUS_MOVE = YES;
				CLANG_WARN_UNGUARDED_AVAILABILITY = YES_AGGRESSIVE;
				CLANG_WARN_UNREACHABLE_CODE = YES;
				CLANG_WARN__DUPLICATE_METHOD_MATCH = YES;
				COPY_PHASE_STRIP = NO;
				DEBUG_INFORMATION_FORMAT = "dwarf-with-dsym";
				ENABLE_NS_ASSERTIONS = NO;
				ENABLE_STRICT_OBJC_MSGSEND = YES;
				GCC_C_LANGUAGE_STANDARD = gnu11;
				GCC_NO_COMMON_BLOCKS = YES;
				GCC_WARN_64_TO_32_BIT_CONVERSION = YES;
				GCC_WARN_ABOUT_RETURN_TYPE = YES_ERROR;
				GCC_WARN_UNDECLARED_SELECTOR = YES;
				GCC_WARN_UNINITIALIZED_AUTOS = YES_AGGRESSIVE;
				GCC_WARN_UNUSED_FUNCTION = YES;
				GCC_WARN_UNUSED_VARIABLE = YES;
				MACOSX_DEPLOYMENT_TARGET = 10.15;
				MTL_ENABLE_DEBUG_INFO = NO;
				MTL_FAST_MATH = YES;
				SDKROOT = macosx;
				SWIFT_COMPILATION_MODE = wholemodule;
				SWIFT_OPTIMIZATION_LEVEL = "-O";
			};
			name = Release;
		};
		BB702C1E2403E1890022BFCE /* Debug */ = {
			isa = XCBuildConfiguration;
			buildSettings = {
				CODE_SIGN_STYLE = Automatic;
				DEVELOPMENT_TEAM = 686P35FPVA;
				ENABLE_HARDENED_RUNTIME = YES;
				PRODUCT_NAME = "$(TARGET_NAME)";
				SWIFT_VERSION = 5.0;
			};
			name = Debug;
		};
		BB702C1F2403E1890022BFCE /* Release */ = {
			isa = XCBuildConfiguration;
			buildSettings = {
				CODE_SIGN_STYLE = Automatic;
				DEVELOPMENT_TEAM = 686P35FPVA;
				ENABLE_HARDENED_RUNTIME = YES;
				PRODUCT_NAME = "$(TARGET_NAME)";
				SWIFT_VERSION = 5.0;
			};
			name = Release;
		};
		BB702C2C2403E2BF0022BFCE /* Debug */ = {
			isa = XCBuildConfiguration;
			buildSettings = {
				CODE_SIGN_STYLE = Automatic;
				COMBINE_HIDPI_IMAGES = YES;
				DEVELOPMENT_TEAM = 686P35FPVA;
				INFOPLIST_FILE = SwiftCollectionTests/Info.plist;
				LD_RUNPATH_SEARCH_PATHS = (
					"$(inherited)",
					"@executable_path/../Frameworks",
					"@loader_path/../Frameworks",
				);
				PRODUCT_BUNDLE_IDENTIFIER = symbolicTrace.SwiftCollectionTests;
				PRODUCT_NAME = "$(TARGET_NAME)";
				SWIFT_VERSION = 5.0;
			};
			name = Debug;
		};
		BB702C2D2403E2BF0022BFCE /* Release */ = {
			isa = XCBuildConfiguration;
			buildSettings = {
				CODE_SIGN_STYLE = Automatic;
				COMBINE_HIDPI_IMAGES = YES;
				DEVELOPMENT_TEAM = 686P35FPVA;
				INFOPLIST_FILE = SwiftCollectionTests/Info.plist;
				LD_RUNPATH_SEARCH_PATHS = (
					"$(inherited)",
					"@executable_path/../Frameworks",
					"@loader_path/../Frameworks",
				);
				PRODUCT_BUNDLE_IDENTIFIER = symbolicTrace.SwiftCollectionTests;
				PRODUCT_NAME = "$(TARGET_NAME)";
				SWIFT_VERSION = 5.0;
			};
			name = Release;
		};
/* End XCBuildConfiguration section */

/* Begin XCConfigurationList section */
		BB702C112403E1890022BFCE /* Build configuration list for PBXProject "SwiftCollection" */ = {
			isa = XCConfigurationList;
			buildConfigurations = (
				BB702C1B2403E1890022BFCE /* Debug */,
				BB702C1C2403E1890022BFCE /* Release */,
			);
			defaultConfigurationIsVisible = 0;
			defaultConfigurationName = Release;
		};
		BB702C1D2403E1890022BFCE /* Build configuration list for PBXNativeTarget "SwiftCollection" */ = {
			isa = XCConfigurationList;
			buildConfigurations = (
				BB702C1E2403E1890022BFCE /* Debug */,
				BB702C1F2403E1890022BFCE /* Release */,
			);
			defaultConfigurationIsVisible = 0;
			defaultConfigurationName = Release;
		};
		BB702C2B2403E2BF0022BFCE /* Build configuration list for PBXNativeTarget "SwiftCollectionTests" */ = {
			isa = XCConfigurationList;
			buildConfigurations = (
				BB702C2C2403E2BF0022BFCE /* Debug */,
				BB702C2D2403E2BF0022BFCE /* Release */,
			);
			defaultConfigurationIsVisible = 0;
			defaultConfigurationName = Release;
		};
/* End XCConfigurationList section */
	};
	rootObject = BB702C0E2403E1890022BFCE /* Project object */;
}
